
Microsoft Visual Studio Solution File, Format Version 12.00
# Visual Studio Version 17
VisualStudioVersion = 17.9.34407.89
MinimumVisualStudioVersion = 10.0.40219.1
Project("{9A19103F-16F7-4668-BE54-9A1E7A4F7556}") = "Billiano.AutoLaunch", "Billiano.AutoLaunch\Billiano.AutoLaunch.csproj", "{1328C9DB-1BDF-435E-BF31-F6AD7077A787}"
EndProject
Global
	GlobalSection(SolutionConfigurationPlatforms) = preSolution
		Debug|Any CPU = Debug|Any CPU
		Release|Any CPU = Release|Any CPU
	EndGlobalSection
	GlobalSection(ProjectConfigurationPlatforms) = postSolution
		{1328C9DB-1BDF-435E-BF31-F6AD7077A787}.Debug|Any CPU.ActiveCfg = Debug|Any CPU
		{1328C9DB-1BDF-435E-BF31-F6AD7077A787}.Debug|Any CPU.Build.0 = Debug|Any CPU
		{1328C9DB-1BDF-435E-BF31-F6AD7077A787}.Release|Any CPU.ActiveCfg = Release|Any CPU
		{1328C9DB-1BDF-435E-BF31-F6AD7077A787}.Release|Any CPU.Build.0 = Release|Any CPU
	EndGlobalSection
	GlobalSection(SolutionProperties) = preSolution
		HideSolutionNode = FALSE
	EndGlobalSection
	GlobalSection(ExtensibilityGlobals) = postSolution
		SolutionGuid = {A64872DD-7DCB-4A89-9293-F4A0C3730D16}
	EndGlobalSection
EndGlobal
